
Microsoft Visual Studio Solution File, Format Version 12.00
# Visual Studio Version 17
VisualStudioVersion = 17.11.35222.181
MinimumVisualStudioVersion = 10.0.40219.1
Project("{9A19103F-16F7-4668-BE54-9A1E7A4F7556}") = "Quingo.Scripts", "Quingo.Scripts\Quingo.Scripts.csproj", "{92C30002-E0EB-4650-8119-3B51C0E05A27}"
EndProject
Project("{9A19103F-16F7-4668-BE54-9A1E7A4F7556}") = "Quingo", "..\Quingo\Quingo\Quingo.csproj", "{BEC1F881-6A58-4805-BB4D-81F2BDC255DE}"
EndProject
Project("{FAE04EC0-301F-11D3-BF4B-00C04F79EFBC}") = "Quingo.Shared", "..\Quingo\Quingo.Shared\Quingo.Shared.csproj", "{8C1DD180-4EE8-4724-B6D3-A8249F483E4C}"
EndProject
Global
	GlobalSection(SolutionConfigurationPlatforms) = preSolution
		Debug|Any CPU = Debug|Any CPU
		Release|Any CPU = Release|Any CPU
	EndGlobalSection
	GlobalSection(ProjectConfigurationPlatforms) = postSolution
		{92C30002-E0EB-4650-8119-3B51C0E05A27}.Debug|Any CPU.ActiveCfg = Debug|Any CPU
		{92C30002-E0EB-4650-8119-3B51C0E05A27}.Debug|Any CPU.Build.0 = Debug|Any CPU
		{92C30002-E0EB-4650-8119-3B51C0E05A27}.Release|Any CPU.ActiveCfg = Release|Any CPU
		{92C30002-E0EB-4650-8119-3B51C0E05A27}.Release|Any CPU.Build.0 = Release|Any CPU
		{BEC1F881-6A58-4805-BB4D-81F2BDC255DE}.Debug|Any CPU.ActiveCfg = Debug|Any CPU
		{BEC1F881-6A58-4805-BB4D-81F2BDC255DE}.Debug|Any CPU.Build.0 = Debug|Any CPU
		{BEC1F881-6A58-4805-BB4D-81F2BDC255DE}.Release|Any CPU.ActiveCfg = Release|Any CPU
		{BEC1F881-6A58-4805-BB4D-81F2BDC255DE}.Release|Any CPU.Build.0 = Release|Any CPU
		{8C1DD180-4EE8-4724-B6D3-A8249F483E4C}.Debug|Any CPU.ActiveCfg = Debug|Any CPU
		{8C1DD180-4EE8-4724-B6D3-A8249F483E4C}.Debug|Any CPU.Build.0 = Debug|Any CPU
		{8C1DD180-4EE8-4724-B6D3-A8249F483E4C}.Release|Any CPU.ActiveCfg = Release|Any CPU
		{8C1DD180-4EE8-4724-B6D3-A8249F483E4C}.Release|Any CPU.Build.0 = Release|Any CPU
	EndGlobalSection
	GlobalSection(SolutionProperties) = preSolution
		HideSolutionNode = FALSE
	EndGlobalSection
	GlobalSection(ExtensibilityGlobals) = postSolution
		SolutionGuid = {8C8BECFF-56CF-4C90-B92D-22F09EF03209}
	EndGlobalSection
EndGlobal
